
Microsoft Visual Studio Solution File, Format Version 12.00
# Visual Studio 15
VisualStudioVersion = 15.0.27703.2042
MinimumVisualStudioVersion = 10.0.40219.1
Project("{FAE04EC0-301F-11D3-BF4B-00C04F79EFBC}") = "PCSApplication.Android", "PCSApplication\PCSApplication.Android\PCSApplication.Android.csproj", "{5CFD33C6-B371-42A8-B5C4-802A832BF189}"
EndProject
Project("{FAE04EC0-301F-11D3-BF4B-00C04F79EFBC}") = "PCSApplication.iOS", "PCSApplication\PCSApplication.iOS\PCSApplication.iOS.csproj", "{6CD7E0FF-E962-4B1D-86FD-C8F2763FBD21}"
EndProject
Project("{FAE04EC0-301F-11D3-BF4B-00C04F79EFBC}") = "PCSApplication.UWP", "PCSApplication\PCSApplication.UWP\PCSApplication.UWP.csproj", "{EB7F452A-CD3C-430B-A6F6-F27359764DD3}"
EndProject
Project("{FAE04EC0-301F-11D3-BF4B-00C04F79EFBC}") = "PCSApplication", "PCSApplication\PCSApplication\PCSApplication.csproj", "{75E100E0-771B-4F6A-BAFC-E64D3C1BBEEA}"
EndProject
Global
	GlobalSection(SolutionConfigurationPlatforms) = preSolution
		Ad-Hoc|Any CPU = Ad-Hoc|Any CPU
		Ad-Hoc|ARM = Ad-Hoc|ARM
		Ad-Hoc|iPhone = Ad-Hoc|iPhone
		Ad-Hoc|iPhoneSimulator = Ad-Hoc|iPhoneSimulator
		Ad-Hoc|x64 = Ad-Hoc|x64
		Ad-Hoc|x86 = Ad-Hoc|x86
		AppStore|Any CPU = AppStore|Any CPU
		AppStore|ARM = AppStore|ARM
		AppStore|iPhone = AppStore|iPhone
		AppStore|iPhoneSimulator = AppStore|iPhoneSimulator
		AppStore|x64 = AppStore|x64
		AppStore|x86 = AppStore|x86
		Debug|Any CPU = Debug|Any CPU
		Debug|ARM = Debug|ARM
		Debug|iPhone = Debug|iPhone
		Debug|iPhoneSimulator = Debug|iPhoneSimulator
		Debug|x64 = Debug|x64
		Debug|x86 = Debug|x86
		Release|Any CPU = Release|Any CPU
		Release|ARM = Release|ARM
		Release|iPhone = Release|iPhone
		Release|iPhoneSimulator = Release|iPhoneSimulator
		Release|x64 = Release|x64
		Release|x86 = Release|x86
	EndGlobalSection
	GlobalSection(ProjectConfigurationPlatforms) = postSolution
		{5CFD33C6-B371-42A8-B5C4-802A832BF189}.Ad-Hoc|Any CPU.ActiveCfg = Release|Any CPU
		{5CFD33C6-B371-42A8-B5C4-802A832BF189}.Ad-Hoc|Any CPU.Build.0 = Release|Any CPU
		{5CFD33C6-B371-42A8-B5C4-802A832BF189}.Ad-Hoc|Any CPU.Deploy.0 = Release|Any CPU
		{5CFD33C6-B371-42A8-B5C4-802A832BF189}.Ad-Hoc|ARM.ActiveCfg = Release|Any CPU
		{5CFD33C6-B371-42A8-B5C4-802A832BF189}.Ad-Hoc|ARM.Build.0 = Release|Any CPU
		{5CFD33C6-B371-42A8-B5C4-802A832BF189}.Ad-Hoc|ARM.Deploy.0 = Release|Any CPU
		{5CFD33C6-B371-42A8-B5C4-802A832BF189}.Ad-Hoc|iPhone.ActiveCfg = Release|Any CPU
		{5CFD33C6-B371-42A8-B5C4-802A832BF189}.Ad-Hoc|iPhone.Build.0 = Release|Any CPU
		{5CFD33C6-B371-42A8-B5C4-802A832BF189}.Ad-Hoc|iPhone.Deploy.0 = Release|Any CPU
		{5CFD33C6-B371-42A8-B5C4-802A832BF189}.Ad-Hoc|iPhoneSimulator.ActiveCfg = Release|Any CPU
		{5CFD33C6-B371-42A8-B5C4-802A832BF189}.Ad-Hoc|iPhoneSimulator.Build.0 = Release|Any CPU
		{5CFD33C6-B371-42A8-B5C4-802A832BF189}.Ad-Hoc|iPhoneSimulator.Deploy.0 = Release|Any CPU
		{5CFD33C6-B371-42A8-B5C4-802A832BF189}.Ad-Hoc|x64.ActiveCfg = Release|Any CPU
		{5CFD33C6-B371-42A8-B5C4-802A832BF189}.Ad-Hoc|x64.Build.0 = Release|Any CPU
		{5CFD33C6-B371-42A8-B5C4-802A832BF189}.Ad-Hoc|x64.Deploy.0 = Release|Any CPU
		{5CFD33C6-B371-42A8-B5C4-802A832BF189}.Ad-Hoc|x86.ActiveCfg = Release|Any CPU
		{5CFD33C6-B371-42A8-B5C4-802A832BF189}.Ad-Hoc|x86.Build.0 = Release|Any CPU
		{5CFD33C6-B371-42A8-B5C4-802A832BF189}.Ad-Hoc|x86.Deploy.0 = Release|Any CPU
		{5CFD33C6-B371-42A8-B5C4-802A832BF189}.AppStore|Any CPU.ActiveCfg = Release|Any CPU
		{5CFD33C6-B371-42A8-B5C4-802A832BF189}.AppStore|Any CPU.Build.0 = Release|Any CPU
		{5CFD33C6-B371-42A8-B5C4-802A832BF189}.AppStore|Any CPU.Deploy.0 = Release|Any CPU
		{5CFD33C6-B371-42A8-B5C4-802A832BF189}.AppStore|ARM.ActiveCfg = Release|Any CPU
		{5CFD33C6-B371-42A8-B5C4-802A832BF189}.AppStore|ARM.Build.0 = Release|Any CPU
		{5CFD33C6-B371-42A8-B5C4-802A832BF189}.AppStore|ARM.Deploy.0 = Release|Any CPU
		{5CFD33C6-B371-42A8-B5C4-802A832BF189}.AppStore|iPhone.ActiveCfg = Release|Any CPU
		{5CFD33C6-B371-42A8-B5C4-802A832BF189}.AppStore|iPhone.Build.0 = Release|Any CPU
		{5CFD33C6-B371-42A8-B5C4-802A832BF189}.AppStore|iPhone.Deploy.0 = Release|Any CPU
		{5CFD33C6-B371-42A8-B5C4-802A832BF189}.AppStore|iPhoneSimulator.ActiveCfg = Release|Any CPU
		{5CFD33C6-B371-42A8-B5C4-802A832BF189}.AppStore|iPhoneSimulator.Build.0 = Release|Any CPU
		{5CFD33C6-B371-42A8-B5C4-802A832BF189}.AppStore|iPhoneSimulator.Deploy.0 = Release|Any CPU
		{5CFD33C6-B371-42A8-B5C4-802A832BF189}.AppStore|x64.ActiveCfg = Release|Any CPU
		{5CFD33C6-B371-42A8-B5C4-802A832BF189}.AppStore|x64.Build.0 = Release|Any CPU
		{5CFD33C6-B371-42A8-B5C4-802A832BF189}.AppStore|x64.Deploy.0 = Release|Any CPU
		{5CFD33C6-B371-42A8-B5C4-802A832BF189}.AppStore|x86.ActiveCfg = Release|Any CPU
		{5CFD33C6-B371-42A8-B5C4-802A832BF189}.AppStore|x86.Build.0 = Release|Any CPU
		{5CFD33C6-B371-42A8-B5C4-802A832BF189}.AppStore|x86.Deploy.0 = Release|Any CPU
		{5CFD33C6-B371-42A8-B5C4-802A832BF189}.Debug|Any CPU.ActiveCfg = Debug|Any CPU
		{5CFD33C6-B371-42A8-B5C4-802A832BF189}.Debug|Any CPU.Build.0 = Debug|Any CPU
		{5CFD33C6-B371-42A8-B5C4-802A832BF189}.Debug|Any CPU.Deploy.0 = Debug|Any CPU
		{5CFD33C6-B371-42A8-B5C4-802A832BF189}.Debug|ARM.ActiveCfg = Debug|Any CPU
		{5CFD33C6-B371-42A8-B5C4-802A832BF189}.Debug|ARM.Build.0 = Debug|Any CPU
		{5CFD33C6-B371-42A8-B5C4-802A832BF189}.Debug|ARM.Deploy.0 = Debug|Any CPU
		{5CFD33C6-B371-42A8-B5C4-802A832BF189}.Debug|iPhone.ActiveCfg = Debug|Any CPU
		{5CFD33C6-B371-42A8-B5C4-802A832BF189}.Debug|iPhone.Build.0 = Debug|Any CPU
		{5CFD33C6-B371-42A8-B5C4-802A832BF189}.Debug|iPhone.Deploy.0 = Debug|Any CPU
		{5CFD33C6-B371-42A8-B5C4-802A832BF189}.Debug|iPhoneSimulator.ActiveCfg = Debug|Any CPU
		{5CFD33C6-B371-42A8-B5C4-802A832BF189}.Debug|iPhoneSimulator.Build.0 = Debug|Any CPU
		{5CFD33C6-B371-42A8-B5C4-802A832BF189}.Debug|iPhoneSimulator.Deploy.0 = Debug|Any CPU
		{5CFD33C6-B371-42A8-B5C4-802A832BF189}.Debug|x64.ActiveCfg = Debug|Any CPU
		{5CFD33C6-B371-42A8-B5C4-802A832BF189}.Debug|x64.Build.0 = Debug|Any CPU
		{5CFD33C6-B371-42A8-B5C4-802A832BF189}.Debug|x64.Deploy.0 = Debug|Any CPU
		{5CFD33C6-B371-42A8-B5C4-802A832BF189}.Debug|x86.ActiveCfg = Debug|Any CPU
		{5CFD33C6-B371-42A8-B5C4-802A832BF189}.Debug|x86.Build.0 = Debug|Any CPU
		{5CFD33C6-B371-42A8-B5C4-802A832BF189}.Debug|x86.Deploy.0 = Debug|Any CPU
		{5CFD33C6-B371-42A8-B5C4-802A832BF189}.Release|Any CPU.ActiveCfg = Release|Any CPU
		{5CFD33C6-B371-42A8-B5C4-802A832BF189}.Release|Any CPU.Build.0 = Release|Any CPU
		{5CFD33C6-B371-42A8-B5C4-802A832BF189}.Release|Any CPU.Deploy.0 = Release|Any CPU
		{5CFD33C6-B371-42A8-B5C4-802A832BF189}.Release|ARM.ActiveCfg = Release|Any CPU
		{5CFD33C6-B371-42A8-B5C4-802A832BF189}.Release|ARM.Build.0 = Release|Any CPU
		{5CFD33C6-B371-42A8-B5C4-802A832BF189}.Release|ARM.Deploy.0 = Release|Any CPU
		{5CFD33C6-B371-42A8-B5C4-802A832BF189}.Release|iPhone.ActiveCfg = Release|Any CPU
		{5CFD33C6-B371-42A8-B5C4-802A832BF189}.Release|iPhone.Build.0 = Release|Any CPU
		{5CFD33C6-B371-42A8-B5C4-802A832BF189}.Release|iPhone.Deploy.0 = Release|Any CPU
		{5CFD33C6-B371-42A8-B5C4-802A832BF189}.Release|iPhoneSimulator.ActiveCfg = Release|Any CPU
		{5CFD33C6-B371-42A8-B5C4-802A832BF189}.Release|iPhoneSimulator.Build.0 = Release|Any CPU
		{5CFD33C6-B371-42A8-B5C4-802A832BF189}.Release|iPhoneSimulator.Deploy.0 = Release|Any CPU
		{5CFD33C6-B371-42A8-B5C4-802A832BF189}.Release|x64.ActiveCfg = Release|Any CPU
		{5CFD33C6-B371-42A8-B5C4-802A832BF189}.Release|x64.Build.0 = Release|Any CPU
		{5CFD33C6-B371-42A8-B5C4-802A832BF189}.Release|x64.Deploy.0 = Release|Any CPU
		{5CFD33C6-B371-42A8-B5C4-802A832BF189}.Release|x86.ActiveCfg = Release|Any CPU
		{5CFD33C6-B371-42A8-B5C4-802A832BF189}.Release|x86.Build.0 = Release|Any CPU
		{5CFD33C6-B371-42A8-B5C4-802A832BF189}.Release|x86.Deploy.0 = Release|Any CPU
		{6CD7E0FF-E962-4B1D-86FD-C8F2763FBD21}.Ad-Hoc|Any CPU.ActiveCfg = Ad-Hoc|iPhone
		{6CD7E0FF-E962-4B1D-86FD-C8F2763FBD21}.Ad-Hoc|Any CPU.Build.0 = Ad-Hoc|iPhone
		{6CD7E0FF-E962-4B1D-86FD-C8F2763FBD21}.Ad-Hoc|Any CPU.Deploy.0 = Ad-Hoc|iPhone
		{6CD7E0FF-E962-4B1D-86FD-C8F2763FBD21}.Ad-Hoc|ARM.ActiveCfg = Ad-Hoc|iPhone
		{6CD7E0FF-E962-4B1D-86FD-C8F2763FBD21}.Ad-Hoc|ARM.Build.0 = Ad-Hoc|iPhone
		{6CD7E0FF-E962-4B1D-86FD-C8F2763FBD21}.Ad-Hoc|ARM.Deploy.0 = Ad-Hoc|iPhone
		{6CD7E0FF-E962-4B1D-86FD-C8F2763FBD21}.Ad-Hoc|iPhone.ActiveCfg = Ad-Hoc|iPhone
		{6CD7E0FF-E962-4B1D-86FD-C8F2763FBD21}.Ad-Hoc|iPhone.Build.0 = Ad-Hoc|iPhone
		{6CD7E0FF-E962-4B1D-86FD-C8F2763FBD21}.Ad-Hoc|iPhone.Deploy.0 = Ad-Hoc|iPhone
		{6CD7E0FF-E962-4B1D-86FD-C8F2763FBD21}.Ad-Hoc|iPhoneSimulator.ActiveCfg = Ad-Hoc|iPhoneSimulator
		{6CD7E0FF-E962-4B1D-86FD-C8F2763FBD21}.Ad-Hoc|iPhoneSimulator.Build.0 = Ad-Hoc|iPhoneSimulator
		{6CD7E0FF-E962-4B1D-86FD-C8F2763FBD21}.Ad-Hoc|iPhoneSimulator.Deploy.0 = Ad-Hoc|iPhoneSimulator
		{6CD7E0FF-E962-4B1D-86FD-C8F2763FBD21}.Ad-Hoc|x64.ActiveCfg = Ad-Hoc|iPhone
		{6CD7E0FF-E962-4B1D-86FD-C8F2763FBD21}.Ad-Hoc|x64.Build.0 = Ad-Hoc|iPhone
		{6CD7E0FF-E962-4B1D-86FD-C8F2763FBD21}.Ad-Hoc|x64.Deploy.0 = Ad-Hoc|iPhone
		{6CD7E0FF-E962-4B1D-86FD-C8F2763FBD21}.Ad-Hoc|x86.ActiveCfg = Ad-Hoc|iPhone
		{6CD7E0FF-E962-4B1D-86FD-C8F2763FBD21}.Ad-Hoc|x86.Build.0 = Ad-Hoc|iPhone
		{6CD7E0FF-E962-4B1D-86FD-C8F2763FBD21}.Ad-Hoc|x86.Deploy.0 = Ad-Hoc|iPhone
		{6CD7E0FF-E962-4B1D-86FD-C8F2763FBD21}.AppStore|Any CPU.ActiveCfg = AppStore|iPhone
		{6CD7E0FF-E962-4B1D-86FD-C8F2763FBD21}.AppStore|Any CPU.Build.0 = AppStore|iPhone
		{6CD7E0FF-E962-4B1D-86FD-C8F2763FBD21}.AppStore|Any CPU.Deploy.0 = AppStore|iPhone
		{6CD7E0FF-E962-4B1D-86FD-C8F2763FBD21}.AppStore|ARM.ActiveCfg = AppStore|iPhone
		{6CD7E0FF-E962-4B1D-86FD-C8F2763FBD21}.AppStore|ARM.Build.0 = AppStore|iPhone
		{6CD7E0FF-E962-4B1D-86FD-C8F2763FBD21}.AppStore|ARM.Deploy.0 = AppStore|iPhone
		{6CD7E0FF-E962-4B1D-86FD-C8F2763FBD21}.AppStore|iPhone.ActiveCfg = AppStore|iPhone
		{6CD7E0FF-E962-4B1D-86FD-C8F2763FBD21}.AppStore|iPhone.Build.0 = AppStore|iPhone
		{6CD7E0FF-E962-4B1D-86FD-C8F2763FBD21}.AppStore|iPhone.Deploy.0 = AppStore|iPhone
		{6CD7E0FF-E962-4B1D-86FD-C8F2763FBD21}.AppStore|iPhoneSimulator.ActiveCfg = AppStore|iPhoneSimulator
		{6CD7E0FF-E962-4B1D-86FD-C8F2763FBD21}.AppStore|iPhoneSimulator.Build.0 = AppStore|iPhoneSimulator
		{6CD7E0FF-E962-4B1D-86FD-C8F2763FBD21}.AppStore|iPhoneSimulator.Deploy.0 = AppStore|iPhoneSimulator
		{6CD7E0FF-E962-4B1D-86FD-C8F2763FBD21}.AppStore|x64.ActiveCfg = AppStore|iPhone
		{6CD7E0FF-E962-4B1D-86FD-C8F2763FBD21}.AppStore|x64.Build.0 = AppStore|iPhone
		{6CD7E0FF-E962-4B1D-86FD-C8F2763FBD21}.AppStore|x64.Deploy.0 = AppStore|iPhone
		{6CD7E0FF-E962-4B1D-86FD-C8F2763FBD21}.AppStore|x86.ActiveCfg = AppStore|iPhone
		{6CD7E0FF-E962-4B1D-86FD-C8F2763FBD21}.AppStore|x86.Build.0 = AppStore|iPhone
		{6CD7E0FF-E962-4B1D-86FD-C8F2763FBD21}.AppStore|x86.Deploy.0 = AppStore|iPhone
		{6CD7E0FF-E962-4B1D-86FD-C8F2763FBD21}.Debug|Any CPU.ActiveCfg = Debug|iPhoneSimulator
		{6CD7E0FF-E962-4B1D-86FD-C8F2763FBD21}.Debug|Any CPU.Build.0 = Debug|iPhoneSimulator
		{6CD7E0FF-E962-4B1D-86FD-C8F2763FBD21}.Debug|Any CPU.Deploy.0 = Debug|iPhoneSimulator
		{6CD7E0FF-E962-4B1D-86FD-C8F2763FBD21}.Debug|ARM.ActiveCfg = Debug|iPhone
		{6CD7E0FF-E962-4B1D-86FD-C8F2763FBD21}.Debug|ARM.Build.0 = Debug|iPhone
		{6CD7E0FF-E962-4B1D-86FD-C8F2763FBD21}.Debug|ARM.Deploy.0 = Debug|iPhone
		{6CD7E0FF-E962-4B1D-86FD-C8F2763FBD21}.Debug|iPhone.ActiveCfg = Debug|iPhone
		{6CD7E0FF-E962-4B1D-86FD-C8F2763FBD21}.Debug|iPhone.Build.0 = Debug|iPhone
		{6CD7E0FF-E962-4B1D-86FD-C8F2763FBD21}.Debug|iPhone.Deploy.0 = Debug|iPhone
		{6CD7E0FF-E962-4B1D-86FD-C8F2763FBD21}.Debug|iPhoneSimulator.ActiveCfg = Debug|iPhoneSimulator
		{6CD7E0FF-E962-4B1D-86FD-C8F2763FBD21}.Debug|iPhoneSimulator.Build.0 = Debug|iPhoneSimulator
		{6CD7E0FF-E962-4B1D-86FD-C8F2763FBD21}.Debug|iPhoneSimulator.Deploy.0 = Debug|iPhoneSimulator
		{6CD7E0FF-E962-4B1D-86FD-C8F2763FBD21}.Debug|x64.ActiveCfg = Debug|iPhone
		{6CD7E0FF-E962-4B1D-86FD-C8F2763FBD21}.Debug|x64.Build.0 = Debug|iPhone
		{6CD7E0FF-E962-4B1D-86FD-C8F2763FBD21}.Debug|x64.Deploy.0 = Debug|iPhone
		{6CD7E0FF-E962-4B1D-86FD-C8F2763FBD21}.Debug|x86.ActiveCfg = Debug|iPhone
		{6CD7E0FF-E962-4B1D-86FD-C8F2763FBD21}.Debug|x86.Build.0 = Debug|iPhone
		{6CD7E0FF-E962-4B1D-86FD-C8F2763FBD21}.Debug|x86.Deploy.0 = Debug|iPhone
		{6CD7E0FF-E962-4B1D-86FD-C8F2763FBD21}.Release|Any CPU.ActiveCfg = Release|iPhone
		{6CD7E0FF-E962-4B1D-86FD-C8F2763FBD21}.Release|Any CPU.Build.0 = Release|iPhone
		{6CD7E0FF-E962-4B1D-86FD-C8F2763FBD21}.Release|Any CPU.Deploy.0 = Release|iPhone
		{6CD7E0FF-E962-4B1D-86FD-C8F2763FBD21}.Release|ARM.ActiveCfg = Release|iPhone
		{6CD7E0FF-E962-4B1D-86FD-C8F2763FBD21}.Release|ARM.Build.0 = Release|iPhone
		{6CD7E0FF-E962-4B1D-86FD-C8F2763FBD21}.Release|ARM.Deploy.0 = Release|iPhone
		{6CD7E0FF-E962-4B1D-86FD-C8F2763FBD21}.Release|iPhone.ActiveCfg = Release|iPhone
		{6CD7E0FF-E962-4B1D-86FD-C8F2763FBD21}.Release|iPhone.Build.0 = Release|iPhone
		{6CD7E0FF-E962-4B1D-86FD-C8F2763FBD21}.Release|iPhone.Deploy.0 = Release|iPhone
		{6CD7E0FF-E962-4B1D-86FD-C8F2763FBD21}.Release|iPhoneSimulator.ActiveCfg = Release|iPhoneSimulator
		{6CD7E0FF-E962-4B1D-86FD-C8F2763FBD21}.Release|iPhoneSimulator.Build.0 = Release|iPhoneSimulator
		{6CD7E0FF-E962-4B1D-86FD-C8F2763FBD21}.Release|iPhoneSimulator.Deploy.0 = Release|iPhoneSimulator
		{6CD7E0FF-E962-4B1D-86FD-C8F2763FBD21}.Release|x64.ActiveCfg = Release|iPhone
		{6CD7E0FF-E962-4B1D-86FD-C8F2763FBD21}.Release|x64.Build.0 = Release|iPhone
		{6CD7E0FF-E962-4B1D-86FD-C8F2763FBD21}.Release|x64.Deploy.0 = Release|iPhone
		{6CD7E0FF-E962-4B1D-86FD-C8F2763FBD21}.Release|x86.ActiveCfg = Release|iPhone
		{6CD7E0FF-E962-4B1D-86FD-C8F2763FBD21}.Release|x86.Build.0 = Release|iPhone
		{6CD7E0FF-E962-4B1D-86FD-C8F2763FBD21}.Release|x86.Deploy.0 = Release|iPhone
		{EB7F452A-CD3C-430B-A6F6-F27359764DD3}.Ad-Hoc|Any CPU.ActiveCfg = Release|x86
		{EB7F452A-CD3C-430B-A6F6-F27359764DD3}.Ad-Hoc|Any CPU.Build.0 = Release|x86
		{EB7F452A-CD3C-430B-A6F6-F27359764DD3}.Ad-Hoc|Any CPU.Deploy.0 = Release|x86
		{EB7F452A-CD3C-430B-A6F6-F27359764DD3}.Ad-Hoc|ARM.ActiveCfg = Release|ARM
		{EB7F452A-CD3C-430B-A6F6-F27359764DD3}.Ad-Hoc|ARM.Build.0 = Release|ARM
		{EB7F452A-CD3C-430B-A6F6-F27359764DD3}.Ad-Hoc|ARM.Deploy.0 = Release|ARM
		{EB7F452A-CD3C-430B-A6F6-F27359764DD3}.Ad-Hoc|iPhone.ActiveCfg = Release|x86
		{EB7F452A-CD3C-430B-A6F6-F27359764DD3}.Ad-Hoc|iPhone.Build.0 = Release|x86
		{EB7F452A-CD3C-430B-A6F6-F27359764DD3}.Ad-Hoc|iPhone.Deploy.0 = Release|x86
		{EB7F452A-CD3C-430B-A6F6-F27359764DD3}.Ad-Hoc|iPhoneSimulator.ActiveCfg = Release|x86
		{EB7F452A-CD3C-430B-A6F6-F27359764DD3}.Ad-Hoc|iPhoneSimulator.Build.0 = Release|x86
		{EB7F452A-CD3C-430B-A6F6-F27359764DD3}.Ad-Hoc|iPhoneSimulator.Deploy.0 = Release|x86
		{EB7F452A-CD3C-430B-A6F6-F27359764DD3}.Ad-Hoc|x64.ActiveCfg = Release|x64
		{EB7F452A-CD3C-430B-A6F6-F27359764DD3}.Ad-Hoc|x64.Build.0 = Release|x64
		{EB7F452A-CD3C-430B-A6F6-F27359764DD3}.Ad-Hoc|x64.Deploy.0 = Release|x64
		{EB7F452A-CD3C-430B-A6F6-F27359764DD3}.Ad-Hoc|x86.ActiveCfg = Release|x86
		{EB7F452A-CD3C-430B-A6F6-F27359764DD3}.Ad-Hoc|x86.Build.0 = Release|x86
		{EB7F452A-CD3C-430B-A6F6-F27359764DD3}.Ad-Hoc|x86.Deploy.0 = Release|x86
		{EB7F452A-CD3C-430B-A6F6-F27359764DD3}.AppStore|Any CPU.ActiveCfg = Release|x86
		{EB7F452A-CD3C-430B-A6F6-F27359764DD3}.AppStore|Any CPU.Build.0 = Release|x86
		{EB7F452A-CD3C-430B-A6F6-F27359764DD3}.AppStore|Any CPU.Deploy.0 = Release|x86
		{EB7F452A-CD3C-430B-A6F6-F27359764DD3}.AppStore|ARM.ActiveCfg = Release|ARM
		{EB7F452A-CD3C-430B-A6F6-F27359764DD3}.AppStore|ARM.Build.0 = Release|ARM
		{EB7F452A-CD3C-430B-A6F6-F27359764DD3}.AppStore|ARM.Deploy.0 = Release|ARM
		{EB7F452A-CD3C-430B-A6F6-F27359764DD3}.AppStore|iPhone.ActiveCfg = Release|x86
		{EB7F452A-CD3C-430B-A6F6-F27359764DD3}.AppStore|iPhone.Build.0 = Release|x86
		{EB7F452A-CD3C-430B-A6F6-F27359764DD3}.AppStore|iPhone.Deploy.0 = Release|x86
		{EB7F452A-CD3C-430B-A6F6-F27359764DD3}.AppStore|iPhoneSimulator.ActiveCfg = Release|x86
		{EB7F452A-CD3C-430B-A6F6-F27359764DD3}.AppStore|iPhoneSimulator.Build.0 = Release|x86
		{EB7F452A-CD3C-430B-A6F6-F27359764DD3}.AppStore|iPhoneSimulator.Deploy.0 = Release|x86
		{EB7F452A-CD3C-430B-A6F6-F27359764DD3}.AppStore|x64.ActiveCfg = Release|x64
		{EB7F452A-CD3C-430B-A6F6-F27359764DD3}.AppStore|x64.Build.0 = Release|x64
		{EB7F452A-CD3C-430B-A6F6-F27359764DD3}.AppStore|x64.Deploy.0 = Release|x64
		{EB7F452A-CD3C-430B-A6F6-F27359764DD3}.AppStore|x86.ActiveCfg = Release|x86
		{EB7F452A-CD3C-430B-A6F6-F27359764DD3}.AppStore|x86.Build.0 = Release|x86
		{EB7F452A-CD3C-430B-A6F6-F27359764DD3}.AppStore|x86.Deploy.0 = Release|x86
		{EB7F452A-CD3C-430B-A6F6-F27359764DD3}.Debug|Any CPU.ActiveCfg = Debug|x86
		{EB7F452A-CD3C-430B-A6F6-F27359764DD3}.Debug|Any CPU.Build.0 = Debug|x86
		{EB7F452A-CD3C-430B-A6F6-F27359764DD3}.Debug|Any CPU.Deploy.0 = Debug|x86
		{EB7F452A-CD3C-430B-A6F6-F27359764DD3}.Debug|ARM.ActiveCfg = Debug|ARM
		{EB7F452A-CD3C-430B-A6F6-F27359764DD3}.Debug|ARM.Build.0 = Debug|ARM
		{EB7F452A-CD3C-430B-A6F6-F27359764DD3}.Debug|ARM.Deploy.0 = Debug|ARM
		{EB7F452A-CD3C-430B-A6F6-F27359764DD3}.Debug|iPhone.ActiveCfg = Debug|x86
		{EB7F452A-CD3C-430B-A6F6-F27359764DD3}.Debug|iPhone.Build.0 = Debug|x86
		{EB7F452A-CD3C-430B-A6F6-F27359764DD3}.Debug|iPhone.Deploy.0 = Debug|x86
		{EB7F452A-CD3C-430B-A6F6-F27359764DD3}.Debug|iPhoneSimulator.ActiveCfg = Debug|x86
		{EB7F452A-CD3C-430B-A6F6-F27359764DD3}.Debug|iPhoneSimulator.Build.0 = Debug|x86
		{EB7F452A-CD3C-430B-A6F6-F27359764DD3}.Debug|iPhoneSimulator.Deploy.0 = Debug|x86
		{EB7F452A-CD3C-430B-A6F6-F27359764DD3}.Debug|x64.ActiveCfg = Debug|x64
		{EB7F452A-CD3C-430B-A6F6-F27359764DD3}.Debug|x64.Build.0 = Debug|x64
		{EB7F452A-CD3C-430B-A6F6-F27359764DD3}.Debug|x64.Deploy.0 = Debug|x64
		{EB7F452A-CD3C-430B-A6F6-F27359764DD3}.Debug|x86.ActiveCfg = Debug|x86
		{EB7F452A-CD3C-430B-A6F6-F27359764DD3}.Debug|x86.Build.0 = Debug|x86
		{EB7F452A-CD3C-430B-A6F6-F27359764DD3}.Debug|x86.Deploy.0 = Debug|x86
		{EB7F452A-CD3C-430B-A6F6-F27359764DD3}.Release|Any CPU.ActiveCfg = Release|x86
		{EB7F452A-CD3C-430B-A6F6-F27359764DD3}.Release|Any CPU.Build.0 = Release|x86
		{EB7F452A-CD3C-430B-A6F6-F27359764DD3}.Release|Any CPU.Deploy.0 = Release|x86
		{EB7F452A-CD3C-430B-A6F6-F27359764DD3}.Release|ARM.ActiveCfg = Release|ARM
		{EB7F452A-CD3C-430B-A6F6-F27359764DD3}.Release|ARM.Build.0 = Release|ARM
		{EB7F452A-CD3C-430B-A6F6-F27359764DD3}.Release|ARM.Deploy.0 = Release|ARM
		{EB7F452A-CD3C-430B-A6F6-F27359764DD3}.Release|iPhone.ActiveCfg = Release|x86
		{EB7F452A-CD3C-430B-A6F6-F27359764DD3}.Release|iPhone.Build.0 = Release|x86
		{EB7F452A-CD3C-430B-A6F6-F27359764DD3}.Release|iPhone.Deploy.0 = Release|x86
		{EB7F452A-CD3C-430B-A6F6-F27359764DD3}.Release|iPhoneSimulator.ActiveCfg = Release|x86
		{EB7F452A-CD3C-430B-A6F6-F27359764DD3}.Release|iPhoneSimulator.Build.0 = Release|x86
		{EB7F452A-CD3C-430B-A6F6-F27359764DD3}.Release|iPhoneSimulator.Deploy.0 = Release|x86
		{EB7F452A-CD3C-430B-A6F6-F27359764DD3}.Release|x64.ActiveCfg = Release|x64
		{EB7F452A-CD3C-430B-A6F6-F27359764DD3}.Release|x64.Build.0 = Release|x64
		{EB7F452A-CD3C-430B-A6F6-F27359764DD3}.Release|x64.Deploy.0 = Release|x64
		{EB7F452A-CD3C-430B-A6F6-F27359764DD3}.Release|x86.ActiveCfg = Release|x86
		{EB7F452A-CD3C-430B-A6F6-F27359764DD3}.Release|x86.Build.0 = Release|x86
		{EB7F452A-CD3C-430B-A6F6-F27359764DD3}.Release|x86.Deploy.0 = Release|x86
		{75E100E0-771B-4F6A-BAFC-E64D3C1BBEEA}.Ad-Hoc|Any CPU.ActiveCfg = Debug|Any CPU
		{75E100E0-771B-4F6A-BAFC-E64D3C1BBEEA}.Ad-Hoc|Any CPU.Build.0 = Debug|Any CPU
		{75E100E0-771B-4F6A-BAFC-E64D3C1BBEEA}.Ad-Hoc|Any CPU.Deploy.0 = Debug|Any CPU
		{75E100E0-771B-4F6A-BAFC-E64D3C1BBEEA}.Ad-Hoc|ARM.ActiveCfg = Debug|Any CPU
		{75E100E0-771B-4F6A-BAFC-E64D3C1BBEEA}.Ad-Hoc|ARM.Build.0 = Debug|Any CPU
		{75E100E0-771B-4F6A-BAFC-E64D3C1BBEEA}.Ad-Hoc|ARM.Deploy.0 = Debug|Any CPU
		{75E100E0-771B-4F6A-BAFC-E64D3C1BBEEA}.Ad-Hoc|iPhone.ActiveCfg = Debug|Any CPU
		{75E100E0-771B-4F6A-BAFC-E64D3C1BBEEA}.Ad-Hoc|iPhone.Build.0 = Debug|Any CPU
		{75E100E0-771B-4F6A-BAFC-E64D3C1BBEEA}.Ad-Hoc|iPhone.Deploy.0 = Debug|Any CPU
		{75E100E0-771B-4F6A-BAFC-E64D3C1BBEEA}.Ad-Hoc|iPhoneSimulator.ActiveCfg = Debug|Any CPU
		{75E100E0-771B-4F6A-BAFC-E64D3C1BBEEA}.Ad-Hoc|iPhoneSimulator.Build.0 = Debug|Any CPU
		{75E100E0-771B-4F6A-BAFC-E64D3C1BBEEA}.Ad-Hoc|iPhoneSimulator.Deploy.0 = Debug|Any CPU
		{75E100E0-771B-4F6A-BAFC-E64D3C1BBEEA}.Ad-Hoc|x64.ActiveCfg = Debug|Any CPU
		{75E100E0-771B-4F6A-BAFC-E64D3C1BBEEA}.Ad-Hoc|x64.Build.0 = Debug|Any CPU
		{75E100E0-771B-4F6A-BAFC-E64D3C1BBEEA}.Ad-Hoc|x64.Deploy.0 = Debug|Any CPU
		{75E100E0-771B-4F6A-BAFC-E64D3C1BBEEA}.Ad-Hoc|x86.ActiveCfg = Debug|Any CPU
		{75E100E0-771B-4F6A-BAFC-E64D3C1BBEEA}.Ad-Hoc|x86.Build.0 = Debug|Any CPU
		{75E100E0-771B-4F6A-BAFC-E64D3C1BBEEA}.Ad-Hoc|x86.Deploy.0 = Debug|Any CPU
		{75E100E0-771B-4F6A-BAFC-E64D3C1BBEEA}.AppStore|Any CPU.ActiveCfg = Debug|Any CPU
		{75E100E0-771B-4F6A-BAFC-E64D3C1BBEEA}.AppStore|Any CPU.Build.0 = Debug|Any CPU
		{75E100E0-771B-4F6A-BAFC-E64D3C1BBEEA}.AppStore|Any CPU.Deploy.0 = Debug|Any CPU
		{75E100E0-771B-4F6A-BAFC-E64D3C1BBEEA}.AppStore|ARM.ActiveCfg = Debug|Any CPU
		{75E100E0-771B-4F6A-BAFC-E64D3C1BBEEA}.AppStore|ARM.Build.0 = Debug|Any CPU
		{75E100E0-771B-4F6A-BAFC-E64D3C1BBEEA}.AppStore|ARM.Deploy.0 = Debug|Any CPU
		{75E100E0-771B-4F6A-BAFC-E64D3C1BBEEA}.AppStore|iPhone.ActiveCfg = Debug|Any CPU
		{75E100E0-771B-4F6A-BAFC-E64D3C1BBEEA}.AppStore|iPhone.Build.0 = Debug|Any CPU
		{75E100E0-771B-4F6A-BAFC-E64D3C1BBEEA}.AppStore|iPhone.Deploy.0 = Debug|Any CPU
		{75E100E0-771B-4F6A-BAFC-E64D3C1BBEEA}.AppStore|iPhoneSimulator.ActiveCfg = Debug|Any CPU
		{75E100E0-771B-4F6A-BAFC-E64D3C1BBEEA}.AppStore|iPhoneSimulator.Build.0 = Debug|Any CPU
		{75E100E0-771B-4F6A-BAFC-E64D3C1BBEEA}.AppStore|iPhoneSimulator.Deploy.0 = Debug|Any CPU
		{75E100E0-771B-4F6A-BAFC-E64D3C1BBEEA}.AppStore|x64.ActiveCfg = Debug|Any CPU
		{75E100E0-771B-4F6A-BAFC-E64D3C1BBEEA}.AppStore|x64.Build.0 = Debug|Any CPU
		{75E100E0-771B-4F6A-BAFC-E64D3C1BBEEA}.AppStore|x64.Deploy.0 = Debug|Any CPU
		{75E100E0-771B-4F6A-BAFC-E64D3C1BBEEA}.AppStore|x86.ActiveCfg = Debug|Any CPU
		{75E100E0-771B-4F6A-BAFC-E64D3C1BBEEA}.AppStore|x86.Build.0 = Debug|Any CPU
		{75E100E0-771B-4F6A-BAFC-E64D3C1BBEEA}.AppStore|x86.Deploy.0 = Debug|Any CPU
		{75E100E0-771B-4F6A-BAFC-E64D3C1BBEEA}.Debug|Any CPU.ActiveCfg = Debug|Any CPU
		{75E100E0-771B-4F6A-BAFC-E64D3C1BBEEA}.Debug|Any CPU.Build.0 = Debug|Any CPU
		{75E100E0-771B-4F6A-BAFC-E64D3C1BBEEA}.Debug|Any CPU.Deploy.0 = Debug|Any CPU
		{75E100E0-771B-4F6A-BAFC-E64D3C1BBEEA}.Debug|ARM.ActiveCfg = Debug|Any CPU
		{75E100E0-771B-4F6A-BAFC-E64D3C1BBEEA}.Debug|ARM.Build.0 = Debug|Any CPU
		{75E100E0-771B-4F6A-BAFC-E64D3C1BBEEA}.Debug|ARM.Deploy.0 = Debug|Any CPU
		{75E100E0-771B-4F6A-BAFC-E64D3C1BBEEA}.Debug|iPhone.ActiveCfg = Debug|Any CPU
		{75E100E0-771B-4F6A-BAFC-E64D3C1BBEEA}.Debug|iPhone.Build.0 = Debug|Any CPU
		{75E100E0-771B-4F6A-BAFC-E64D3C1BBEEA}.Debug|iPhone.Deploy.0 = Debug|Any CPU
		{75E100E0-771B-4F6A-BAFC-E64D3C1BBEEA}.Debug|iPhoneSimulator.ActiveCfg = Debug|Any CPU
		{75E100E0-771B-4F6A-BAFC-E64D3C1BBEEA}.Debug|iPhoneSimulator.Build.0 = Debug|Any CPU
		{75E100E0-771B-4F6A-BAFC-E64D3C1BBEEA}.Debug|iPhoneSimulator.Deploy.0 = Debug|Any CPU
		{75E100E0-771B-4F6A-BAFC-E64D3C1BBEEA}.Debug|x64.ActiveCfg = Debug|Any CPU
		{75E100E0-771B-4F6A-BAFC-E64D3C1BBEEA}.Debug|x64.Build.0 = Debug|Any CPU
		{75E100E0-771B-4F6A-BAFC-E64D3C1BBEEA}.Debug|x64.Deploy.0 = Debug|Any CPU
		{75E100E0-771B-4F6A-BAFC-E64D3C1BBEEA}.Debug|x86.ActiveCfg = Debug|Any CPU
		{75E100E0-771B-4F6A-BAFC-E64D3C1BBEEA}.Debug|x86.Build.0 = Debug|Any CPU
		{75E100E0-771B-4F6A-BAFC-E64D3C1BBEEA}.Debug|x86.Deploy.0 = Debug|Any CPU
		{75E100E0-771B-4F6A-BAFC-E64D3C1BBEEA}.Release|Any CPU.ActiveCfg = Release|Any CPU
		{75E100E0-771B-4F6A-BAFC-E64D3C1BBEEA}.Release|Any CPU.Build.0 = Release|Any CPU
		{75E100E0-771B-4F6A-BAFC-E64D3C1BBEEA}.Release|Any CPU.Deploy.0 = Release|Any CPU
		{75E100E0-771B-4F6A-BAFC-E64D3C1BBEEA}.Release|ARM.ActiveCfg = Release|Any CPU
		{75E100E0-771B-4F6A-BAFC-E64D3C1BBEEA}.Release|ARM.Build.0 = Release|Any CPU
		{75E100E0-771B-4F6A-BAFC-E64D3C1BBEEA}.Release|ARM.Deploy.0 = Release|Any CPU
		{75E100E0-771B-4F6A-BAFC-E64D3C1BBEEA}.Release|iPhone.ActiveCfg = Release|Any CPU
		{75E100E0-771B-4F6A-BAFC-E64D3C1BBEEA}.Release|iPhone.Build.0 = Release|Any CPU
		{75E100E0-771B-4F6A-BAFC-E64D3C1BBEEA}.Release|iPhone.Deploy.0 = Release|Any CPU
		{75E100E0-771B-4F6A-BAFC-E64D3C1BBEEA}.Release|iPhoneSimulator.ActiveCfg = Release|Any CPU
		{75E100E0-771B-4F6A-BAFC-E64D3C1BBEEA}.Release|iPhoneSimulator.Build.0 = Release|Any CPU
		{75E100E0-771B-4F6A-BAFC-E64D3C1BBEEA}.Release|iPhoneSimulator.Deploy.0 = Release|Any CPU
		{75E100E0-771B-4F6A-BAFC-E64D3C1BBEEA}.Release|x64.ActiveCfg = Release|Any CPU
		{75E100E0-771B-4F6A-BAFC-E64D3C1BBEEA}.Release|x64.Build.0 = Release|Any CPU
		{75E100E0-771B-4F6A-BAFC-E64D3C1BBEEA}.Release|x64.Deploy.0 = Release|Any CPU
		{75E100E0-771B-4F6A-BAFC-E64D3C1BBEEA}.Release|x86.ActiveCfg = Release|Any CPU
		{75E100E0-771B-4F6A-BAFC-E64D3C1BBEEA}.Release|x86.Build.0 = Release|Any CPU
		{75E100E0-771B-4F6A-BAFC-E64D3C1BBEEA}.Release|x86.Deploy.0 = Release|Any CPU
	EndGlobalSection
	GlobalSection(SolutionProperties) = preSolution
		HideSolutionNode = FALSE
	EndGlobalSection
	GlobalSection(ExtensibilityGlobals) = postSolution
		SolutionGuid = {2480D0E0-4533-46F7-B232-B22D9765559F}
	EndGlobalSection
EndGlobal
